
Microsoft Visual Studio Solution File, Format Version 12.00
# Visual Studio Version 16
VisualStudioVersion = 16.0.29503.13
MinimumVisualStudioVersion = 10.0.40219.1
Project("{FAE04EC0-301F-11D3-BF4B-00C04F79EFBC}") = "Entities", "Entities\Entities.csproj", "{E8A1FAC0-716C-4FAE-9C27-6EE077953983}"
EndProject
Project("{FAE04EC0-301F-11D3-BF4B-00C04F79EFBC}") = "DataAccess", "DataAccess\DataAccess.csproj", "{A68E0EE8-5056-42F8-B6EB-48A6285A1576}"
EndProject
Project("{FAE04EC0-301F-11D3-BF4B-00C04F79EFBC}") = "Business", "Business\Business.csproj", "{740066B0-BB2E-4BCE-A63C-8AB2D31AD27B}"
EndProject
Project("{FAE04EC0-301F-11D3-BF4B-00C04F79EFBC}") = "Core", "Core\Core.csproj", "{538A94AB-0CB8-4B26-B33F-FF0516475E10}"
EndProject
Project("{FAE04EC0-301F-11D3-BF4B-00C04F79EFBC}") = "WebAPI", "WebAPI\WebAPI.csproj", "{88BD2621-031F-48CF-95E3-737515F0F465}"
EndProject
Global
	GlobalSection(SolutionConfigurationPlatforms) = preSolution
		Debug|Any CPU = Debug|Any CPU
		Release|Any CPU = Release|Any CPU
	EndGlobalSection
	GlobalSection(ProjectConfigurationPlatforms) = postSolution
		{E8A1FAC0-716C-4FAE-9C27-6EE077953983}.Debug|Any CPU.ActiveCfg = Debug|Any CPU
		{E8A1FAC0-716C-4FAE-9C27-6EE077953983}.Debug|Any CPU.Build.0 = Debug|Any CPU
		{E8A1FAC0-716C-4FAE-9C27-6EE077953983}.Release|Any CPU.ActiveCfg = Release|Any CPU
		{E8A1FAC0-716C-4FAE-9C27-6EE077953983}.Release|Any CPU.Build.0 = Release|Any CPU
		{A68E0EE8-5056-42F8-B6EB-48A6285A1576}.Debug|Any CPU.ActiveCfg = Debug|Any CPU
		{A68E0EE8-5056-42F8-B6EB-48A6285A1576}.Debug|Any CPU.Build.0 = Debug|Any CPU
		{A68E0EE8-5056-42F8-B6EB-48A6285A1576}.Release|Any CPU.ActiveCfg = Release|Any CPU
		{A68E0EE8-5056-42F8-B6EB-48A6285A1576}.Release|Any CPU.Build.0 = Release|Any CPU
		{740066B0-BB2E-4BCE-A63C-8AB2D31AD27B}.Debug|Any CPU.ActiveCfg = Debug|Any CPU
		{740066B0-BB2E-4BCE-A63C-8AB2D31AD27B}.Debug|Any CPU.Build.0 = Debug|Any CPU
		{740066B0-BB2E-4BCE-A63C-8AB2D31AD27B}.Release|Any CPU.ActiveCfg = Release|Any CPU
		{740066B0-BB2E-4BCE-A63C-8AB2D31AD27B}.Release|Any CPU.Build.0 = Release|Any CPU
		{538A94AB-0CB8-4B26-B33F-FF0516475E10}.Debug|Any CPU.ActiveCfg = Debug|Any CPU
		{538A94AB-0CB8-4B26-B33F-FF0516475E10}.Debug|Any CPU.Build.0 = Debug|Any CPU
		{538A94AB-0CB8-4B26-B33F-FF0516475E10}.Release|Any CPU.ActiveCfg = Release|Any CPU
		{538A94AB-0CB8-4B26-B33F-FF0516475E10}.Release|Any CPU.Build.0 = Release|Any CPU
		{88BD2621-031F-48CF-95E3-737515F0F465}.Debug|Any CPU.ActiveCfg = Debug|Any CPU
		{88BD2621-031F-48CF-95E3-737515F0F465}.Debug|Any CPU.Build.0 = Debug|Any CPU
		{88BD2621-031F-48CF-95E3-737515F0F465}.Release|Any CPU.ActiveCfg = Release|Any CPU
		{88BD2621-031F-48CF-95E3-737515F0F465}.Release|Any CPU.Build.0 = Release|Any CPU
	EndGlobalSection
	GlobalSection(SolutionProperties) = preSolution
		HideSolutionNode = FALSE
	EndGlobalSection
	GlobalSection(ExtensibilityGlobals) = postSolution
		SolutionGuid = {B86C4409-D7B7-4B76-A508-187DD64432FF}
	EndGlobalSection
EndGlobal
